
Microsoft Visual Studio Solution File, Format Version 12.00
# Visual Studio Version 17
VisualStudioVersion = 17.8.34525.116
MinimumVisualStudioVersion = 10.0.40219.1
Project("{9A19103F-16F7-4668-BE54-9A1E7A4F7556}") = "ChessConsole", "xadrez-console\ChessConsole.csproj", "{094783A5-8A0F-41FD-973C-A3DC2971E810}"
EndProject
Global
	GlobalSection(SolutionConfigurationPlatforms) = preSolution
		Debug|Any CPU = Debug|Any CPU
		Release|Any CPU = Release|Any CPU
	EndGlobalSection
	GlobalSection(ProjectConfigurationPlatforms) = postSolution
		{094783A5-8A0F-41FD-973C-A3DC2971E810}.Debug|Any CPU.ActiveCfg = Debug|Any CPU
		{094783A5-8A0F-41FD-973C-A3DC2971E810}.Debug|Any CPU.Build.0 = Debug|Any CPU
		{094783A5-8A0F-41FD-973C-A3DC2971E810}.Release|Any CPU.ActiveCfg = Release|Any CPU
		{094783A5-8A0F-41FD-973C-A3DC2971E810}.Release|Any CPU.Build.0 = Release|Any CPU
	EndGlobalSection
	GlobalSection(SolutionProperties) = preSolution
		HideSolutionNode = FALSE
	EndGlobalSection
	GlobalSection(ExtensibilityGlobals) = postSolution
		SolutionGuid = {9DCD3EA4-E4E1-4CA3-ACAB-6E54C438EB6A}
	EndGlobalSection
EndGlobal
